
Microsoft Visual Studio Solution File, Format Version 12.00
# Visual Studio Version 17
VisualStudioVersion = 17.9.34728.123
MinimumVisualStudioVersion = 10.0.40219.1
Project("{FAE04EC0-301F-11D3-BF4B-00C04F79EFBC}") = "assignment1", "assignment1\assignment1.csproj", "{AC652D59-EC55-4460-A04E-17C53CCD145C}"
EndProject
Global
	GlobalSection(SolutionConfigurationPlatforms) = preSolution
		Debug|Any CPU = Debug|Any CPU
		Release|Any CPU = Release|Any CPU
	EndGlobalSection
	GlobalSection(ProjectConfigurationPlatforms) = postSolution
		{AC652D59-EC55-4460-A04E-17C53CCD145C}.Debug|Any CPU.ActiveCfg = Debug|Any CPU
		{AC652D59-EC55-4460-A04E-17C53CCD145C}.Debug|Any CPU.Build.0 = Debug|Any CPU
		{AC652D59-EC55-4460-A04E-17C53CCD145C}.Release|Any CPU.ActiveCfg = Release|Any CPU
		{AC652D59-EC55-4460-A04E-17C53CCD145C}.Release|Any CPU.Build.0 = Release|Any CPU
	EndGlobalSection
	GlobalSection(SolutionProperties) = preSolution
		HideSolutionNode = FALSE
	EndGlobalSection
	GlobalSection(ExtensibilityGlobals) = postSolution
		SolutionGuid = {602628BA-2CF3-4008-BAE6-98CE1C5EB515}
	EndGlobalSection
EndGlobal
